
Microsoft Visual Studio Solution File, Format Version 12.00
# Visual Studio 2013
VisualStudioVersion = 12.0.31101.0
MinimumVisualStudioVersion = 10.0.40219.1
Project("{FAE04EC0-301F-11D3-BF4B-00C04F79EFBC}") = "xgboost_dotnet", "xgboost_dotnet.csproj", "{6269042B-B26B-43CD-9F22-1D17C12C495D}"
EndProject
Project("{FAE04EC0-301F-11D3-BF4B-00C04F79EFBC}") = "xgboost_dotnet_test", "..\xgboost_dotnet_test\xgboost_dotnet_test.csproj", "{3A639696-52EE-4FDC-9DB7-B63479F743DA}"
EndProject
Global
	GlobalSection(SolutionConfigurationPlatforms) = preSolution
		Debug|Any CPU = Debug|Any CPU
		Release|Any CPU = Release|Any CPU
	EndGlobalSection
	GlobalSection(ProjectConfigurationPlatforms) = postSolution
		{6269042B-B26B-43CD-9F22-1D17C12C495D}.Debug|Any CPU.ActiveCfg = Debug|Any CPU
		{6269042B-B26B-43CD-9F22-1D17C12C495D}.Debug|Any CPU.Build.0 = Debug|Any CPU
		{6269042B-B26B-43CD-9F22-1D17C12C495D}.Release|Any CPU.ActiveCfg = Release|Any CPU
		{6269042B-B26B-43CD-9F22-1D17C12C495D}.Release|Any CPU.Build.0 = Release|Any CPU
		{3A639696-52EE-4FDC-9DB7-B63479F743DA}.Debug|Any CPU.ActiveCfg = Debug|Any CPU
		{3A639696-52EE-4FDC-9DB7-B63479F743DA}.Debug|Any CPU.Build.0 = Debug|Any CPU
		{3A639696-52EE-4FDC-9DB7-B63479F743DA}.Release|Any CPU.ActiveCfg = Release|Any CPU
		{3A639696-52EE-4FDC-9DB7-B63479F743DA}.Release|Any CPU.Build.0 = Release|Any CPU
	EndGlobalSection
	GlobalSection(SolutionProperties) = preSolution
		HideSolutionNode = FALSE
	EndGlobalSection
EndGlobal
